<?xml version="1.0" encoding="utf-8"?>
<Project ToolsVersion="4.0" xmlns="http://schemas.microsoft.com/developer/msbuild/2003">
  <ItemGroup>
    <ClInclude Include="..\glew\include\GL\glew.h">
      <Filter>Sources</Filter>
    </ClInclude>
    <ClInclude Include="..\glew\include\GL\wglew.h">
      <Filter>Headers</Filter>
    </ClInclude>
  </ItemGroup>
  <ItemGroup>
    <Filter Include="Sources">
      <UniqueIdentifier>{0fbba6f8-3140-4ea7-8b4f-e6be2e63249f}</UniqueIdentifier>
    </Filter>
    <Filter Include="Headers">
      <UniqueIdentifier>{510151c3-da8c-4342-9f1b-a9cdd0e543d2}</UniqueIdentifier>
    </Filter>
  </ItemGroup>
  <ItemGroup>
    <ClCompile Include="..\glew\src\glew.c">
      <Filter>Sources</Filter>
    </ClCompile>
  </ItemGroup>
</Project>