<?xml version="1.0" encoding="utf-8"?>
<Project ToolsVersion="4.0" xmlns="http://schemas.microsoft.com/developer/msbuild/2003">
  <ItemGroup>
    <Filter Include="Headers">
      <UniqueIdentifier>{1122db43-b11c-4123-85cb-367a2cd11559}</UniqueIdentifier>
    </Filter>
    <Filter Include="Sources">
      <UniqueIdentifier>{0e31e47a-aa0e-46b9-aeee-b8df49dfe3aa}</UniqueIdentifier>
    </Filter>
  </ItemGroup>
  <ItemGroup>
    <ClCompile Include="..\libjpeg\src\ansi2knr.c">
      <Filter>Sources</Filter>
    </ClCompile>
    <ClCompile Include="..\libjpeg\src\cdjpeg.c">
      <Filter>Sources</Filter>
    </ClCompile>
    <ClCompile Include="..\libjpeg\src\cjpeg.c">
      <Filter>Sources</Filter>
    </ClCompile>
    <ClCompile Include="..\libjpeg\src\ckconfig.c">
      <Filter>Sources</Filter>
    </ClCompile>
    <ClCompile Include="..\libjpeg\src\djpeg.c">
      <Filter>Sources</Filter>
    </ClCompile>
    <ClCompile Include="..\libjpeg\src\example.c">
      <Filter>Sources</Filter>
    </ClCompile>
    <ClCompile Include="..\libjpeg\src\jaricom.c">
      <Filter>Sources</Filter>
    </ClCompile>
    <ClCompile Include="..\libjpeg\src\jcapimin.c">
      <Filter>Sources</Filter>
    </ClCompile>
    <ClCompile Include="..\libjpeg\src\jcapistd.c">
      <Filter>Sources</Filter>
    </ClCompile>
    <ClCompile Include="..\libjpeg\src\jcarith.c">
      <Filter>Sources</Filter>
    </ClCompile>
    <ClCompile Include="..\libjpeg\src\jccoefct.c">
      <Filter>Sources</Filter>
    </ClCompile>
    <ClCompile Include="..\libjpeg\src\jccolor.c">
      <Filter>Sources</Filter>
    </ClCompile>
    <ClCompile Include="..\libjpeg\src\jcdctmgr.c">
      <Filter>Sources</Filter>
    </ClCompile>
    <ClCompile Include="..\libjpeg\src\jchuff.c">
      <Filter>Sources</Filter>
    </ClCompile>
    <ClCompile Include="..\libjpeg\src\jcinit.c">
      <Filter>Sources</Filter>
    </ClCompile>
    <ClCompile Include="..\libjpeg\src\jcmainct.c">
      <Filter>Sources</Filter>
    </ClCompile>
    <ClCompile Include="..\libjpeg\src\jcmarker.c">
      <Filter>Sources</Filter>
    </ClCompile>
    <ClCompile Include="..\libjpeg\src\jcmaster.c">
      <Filter>Sources</Filter>
    </ClCompile>
    <ClCompile Include="..\libjpeg\src\jcomapi.c">
      <Filter>Sources</Filter>
    </ClCompile>
    <ClCompile Include="..\libjpeg\src\jcparam.c">
      <Filter>Sources</Filter>
    </ClCompile>
    <ClCompile Include="..\libjpeg\src\jcprepct.c">
      <Filter>Sources</Filter>
    </ClCompile>
    <ClCompile Include="..\libjpeg\src\jcsample.c">
      <Filter>Sources</Filter>
    </ClCompile>
    <ClCompile Include="..\libjpeg\src\jctrans.c">
      <Filter>Sources</Filter>
    </ClCompile>
    <ClCompile Include="..\libjpeg\src\jdapimin.c">
      <Filter>Sources</Filter>
    </ClCompile>
    <ClCompile Include="..\libjpeg\src\jdapistd.c">
      <Filter>Sources</Filter>
    </ClCompile>
    <ClCompile Include="..\libjpeg\src\jdarith.c">
      <Filter>Sources</Filter>
    </ClCompile>
    <ClCompile Include="..\libjpeg\src\jdatadst.c">
      <Filter>Sources</Filter>
    </ClCompile>
    <ClCompile Include="..\libjpeg\src\jdatasrc.c">
      <Filter>Sources</Filter>
    </ClCompile>
    <ClCompile Include="..\libjpeg\src\jdcoefct.c">
      <Filter>Sources</Filter>
    </ClCompile>
    <ClCompile Include="..\libjpeg\src\jdcolor.c">
      <Filter>Sources</Filter>
    </ClCompile>
    <ClCompile Include="..\libjpeg\src\jddctmgr.c">
      <Filter>Sources</Filter>
    </ClCompile>
    <ClCompile Include="..\libjpeg\src\jdhuff.c">
      <Filter>Sources</Filter>
    </ClCompile>
    <ClCompile Include="..\libjpeg\src\jdinput.c">
      <Filter>Sources</Filter>
    </ClCompile>
    <ClCompile Include="..\libjpeg\src\jdmainct.c">
      <Filter>Sources</Filter>
    </ClCompile>
    <ClCompile Include="..\libjpeg\src\jdmarker.c">
      <Filter>Sources</Filter>
    </ClCompile>
    <ClCompile Include="..\libjpeg\src\jdmaster.c">
      <Filter>Sources</Filter>
    </ClCompile>
    <ClCompile Include="..\libjpeg\src\jdmerge.c">
      <Filter>Sources</Filter>
    </ClCompile>
    <ClCompile Include="..\libjpeg\src\jdpostct.c">
      <Filter>Sources</Filter>
    </ClCompile>
    <ClCompile Include="..\libjpeg\src\jdsample.c">
      <Filter>Sources</Filter>
    </ClCompile>
    <ClCompile Include="..\libjpeg\src\jdtrans.c">
      <Filter>Sources</Filter>
    </ClCompile>
    <ClCompile Include="..\libjpeg\src\jerror.c">
      <Filter>Sources</Filter>
    </ClCompile>
    <ClCompile Include="..\libjpeg\src\jfdctflt.c">
      <Filter>Sources</Filter>
    </ClCompile>
    <ClCompile Include="..\libjpeg\src\jfdctfst.c">
      <Filter>Sources</Filter>
    </ClCompile>
    <ClCompile Include="..\libjpeg\src\jfdctint.c">
      <Filter>Sources</Filter>
    </ClCompile>
    <ClCompile Include="..\libjpeg\src\jidctflt.c">
      <Filter>Sources</Filter>
    </ClCompile>
    <ClCompile Include="..\libjpeg\src\jidctfst.c">
      <Filter>Sources</Filter>
    </ClCompile>
    <ClCompile Include="..\libjpeg\src\jidctint.c">
      <Filter>Sources</Filter>
    </ClCompile>
    <ClCompile Include="..\libjpeg\src\jmemansi.c">
      <Filter>Sources</Filter>
    </ClCompile>
    <ClCompile Include="..\libjpeg\src\jmemdos.c">
      <Filter>Sources</Filter>
    </ClCompile>
    <ClCompile Include="..\libjpeg\src\jmemmac.c">
      <Filter>Sources</Filter>
    </ClCompile>
    <ClCompile Include="..\libjpeg\src\jmemmgr.c">
      <Filter>Sources</Filter>
    </ClCompile>
    <ClCompile Include="..\libjpeg\src\jmemname.c">
      <Filter>Sources</Filter>
    </ClCompile>
    <ClCompile Include="..\libjpeg\src\jmemnobs.c">
      <Filter>Sources</Filter>
    </ClCompile>
    <ClCompile Include="..\libjpeg\src\jpegtran.c">
      <Filter>Sources</Filter>
    </ClCompile>
    <ClCompile Include="..\libjpeg\src\jquant1.c">
      <Filter>Sources</Filter>
    </ClCompile>
    <ClCompile Include="..\libjpeg\src\jquant2.c">
      <Filter>Sources</Filter>
    </ClCompile>
    <ClCompile Include="..\libjpeg\src\jutils.c">
      <Filter>Sources</Filter>
    </ClCompile>
    <ClCompile Include="..\libjpeg\src\rdbmp.c">
      <Filter>Sources</Filter>
    </ClCompile>
    <ClCompile Include="..\libjpeg\src\rdcolmap.c">
      <Filter>Sources</Filter>
    </ClCompile>
    <ClCompile Include="..\libjpeg\src\rdgif.c">
      <Filter>Sources</Filter>
    </ClCompile>
    <ClCompile Include="..\libjpeg\src\rdjpgcom.c">
      <Filter>Sources</Filter>
    </ClCompile>
    <ClCompile Include="..\libjpeg\src\rdppm.c">
      <Filter>Sources</Filter>
    </ClCompile>
    <ClCompile Include="..\libjpeg\src\rdrle.c">
      <Filter>Sources</Filter>
    </ClCompile>
    <ClCompile Include="..\libjpeg\src\rdswitch.c">
      <Filter>Sources</Filter>
    </ClCompile>
    <ClCompile Include="..\libjpeg\src\rdtarga.c">
      <Filter>Sources</Filter>
    </ClCompile>
    <ClCompile Include="..\libjpeg\src\transupp.c">
      <Filter>Sources</Filter>
    </ClCompile>
    <ClCompile Include="..\libjpeg\src\wrbmp.c">
      <Filter>Sources</Filter>
    </ClCompile>
    <ClCompile Include="..\libjpeg\src\wrgif.c">
      <Filter>Sources</Filter>
    </ClCompile>
    <ClCompile Include="..\libjpeg\src\wrjpgcom.c">
      <Filter>Sources</Filter>
    </ClCompile>
    <ClCompile Include="..\libjpeg\src\wrppm.c">
      <Filter>Sources</Filter>
    </ClCompile>
    <ClCompile Include="..\libjpeg\src\wrrle.c">
      <Filter>Sources</Filter>
    </ClCompile>
    <ClCompile Include="..\libjpeg\src\wrtarga.c">
      <Filter>Sources</Filter>
    </ClCompile>
  </ItemGroup>
  <ItemGroup>
    <ClInclude Include="..\libjpeg\include\cderror.h">
      <Filter>Headers</Filter>
    </ClInclude>
    <ClInclude Include="..\libjpeg\include\cdjpeg.h">
      <Filter>Headers</Filter>
    </ClInclude>
    <ClInclude Include="..\libjpeg\include\jdct.h">
      <Filter>Headers</Filter>
    </ClInclude>
    <ClInclude Include="..\libjpeg\include\jerror.h">
      <Filter>Headers</Filter>
    </ClInclude>
    <ClInclude Include="..\libjpeg\include\jinclude.h">
      <Filter>Headers</Filter>
    </ClInclude>
    <ClInclude Include="..\libjpeg\include\jmemsys.h">
      <Filter>Headers</Filter>
    </ClInclude>
    <ClInclude Include="..\libjpeg\include\jmorecfg.h">
      <Filter>Headers</Filter>
    </ClInclude>
    <ClInclude Include="..\libjpeg\include\jpegint.h">
      <Filter>Headers</Filter>
    </ClInclude>
    <ClInclude Include="..\libjpeg\include\jpeglib.h">
      <Filter>Headers</Filter>
    </ClInclude>
    <ClInclude Include="..\libjpeg\include\jversion.h">
      <Filter>Headers</Filter>
    </ClInclude>
    <ClInclude Include="..\libjpeg\include\transupp.h">
      <Filter>Headers</Filter>
    </ClInclude>
    <ClInclude Include="..\libjpeg\include\jconfig.h">
      <Filter>Headers</Filter>
    </ClInclude>
  </ItemGroup>
</Project>