<?xml version="1.0" encoding="utf-8"?>
<Project ToolsVersion="4.0" xmlns="http://schemas.microsoft.com/developer/msbuild/2003">
  <ItemGroup>
    <Filter Include="Sources">
      <UniqueIdentifier>{216745e1-df02-4bab-a79c-a58daf3fcf04}</UniqueIdentifier>
    </Filter>
    <Filter Include="Sources\modes">
      <UniqueIdentifier>{67b2b969-9f09-4f20-8402-19ce4139c7d5}</UniqueIdentifier>
    </Filter>
    <Filter Include="Sources\books">
      <UniqueIdentifier>{2a510dcc-5416-42eb-b3a8-dbfec69b662d}</UniqueIdentifier>
    </Filter>
    <Filter Include="Sources\books\coupled">
      <UniqueIdentifier>{8543d875-4a8e-474e-afda-1fe53fdace5c}</UniqueIdentifier>
    </Filter>
    <Filter Include="Sources\books\floor">
      <UniqueIdentifier>{52547235-58da-4e2f-a84b-64e7d48a3590}</UniqueIdentifier>
    </Filter>
    <Filter Include="Sources\books\uncoupled">
      <UniqueIdentifier>{9c5ea70b-e1cb-4d18-b2c3-2a7671ff56a3}</UniqueIdentifier>
    </Filter>
  </ItemGroup>
  <ItemGroup>
    <ClCompile Include="..\libvorbis\lib\analysis.c">
      <Filter>Sources</Filter>
    </ClCompile>
    <ClCompile Include="..\libvorbis\lib\bitrate.c">
      <Filter>Sources</Filter>
    </ClCompile>
    <ClCompile Include="..\libvorbis\lib\block.c">
      <Filter>Sources</Filter>
    </ClCompile>
    <ClCompile Include="..\libvorbis\lib\codebook.c">
      <Filter>Sources</Filter>
    </ClCompile>
    <ClCompile Include="..\libvorbis\lib\envelope.c">
      <Filter>Sources</Filter>
    </ClCompile>
    <ClCompile Include="..\libvorbis\lib\floor0.c">
      <Filter>Sources</Filter>
    </ClCompile>
    <ClCompile Include="..\libvorbis\lib\floor1.c">
      <Filter>Sources</Filter>
    </ClCompile>
    <ClCompile Include="..\libvorbis\lib\info.c">
      <Filter>Sources</Filter>
    </ClCompile>
    <ClCompile Include="..\libvorbis\lib\lookup.c">
      <Filter>Sources</Filter>
    </ClCompile>
    <ClCompile Include="..\libvorbis\lib\lpc.c">
      <Filter>Sources</Filter>
    </ClCompile>
    <ClCompile Include="..\libvorbis\lib\lsp.c">
      <Filter>Sources</Filter>
    </ClCompile>
    <ClCompile Include="..\libvorbis\lib\mapping0.c">
      <Filter>Sources</Filter>
    </ClCompile>
    <ClCompile Include="..\libvorbis\lib\mdct.c">
      <Filter>Sources</Filter>
    </ClCompile>
    <ClCompile Include="..\libvorbis\lib\psy.c">
      <Filter>Sources</Filter>
    </ClCompile>
    <ClCompile Include="..\libvorbis\lib\registry.c">
      <Filter>Sources</Filter>
    </ClCompile>
    <ClCompile Include="..\libvorbis\lib\res0.c">
      <Filter>Sources</Filter>
    </ClCompile>
    <ClCompile Include="..\libvorbis\lib\sharedbook.c">
      <Filter>Sources</Filter>
    </ClCompile>
    <ClCompile Include="..\libvorbis\lib\smallft.c">
      <Filter>Sources</Filter>
    </ClCompile>
    <ClCompile Include="..\libvorbis\lib\synthesis.c">
      <Filter>Sources</Filter>
    </ClCompile>
    <ClCompile Include="..\libvorbis\lib\vorbisenc.c">
      <Filter>Sources</Filter>
    </ClCompile>
    <ClCompile Include="..\libvorbis\lib\vorbisfile.c">
      <Filter>Sources</Filter>
    </ClCompile>
    <ClCompile Include="..\libvorbis\lib\window.c">
      <Filter>Sources</Filter>
    </ClCompile>
  </ItemGroup>
  <ItemGroup>
    <ClInclude Include="..\libvorbis\lib\backends.h">
      <Filter>Sources</Filter>
    </ClInclude>
    <ClInclude Include="..\libvorbis\lib\bitrate.h">
      <Filter>Sources</Filter>
    </ClInclude>
    <ClInclude Include="..\libvorbis\lib\codebook.h">
      <Filter>Sources</Filter>
    </ClInclude>
    <ClInclude Include="..\libvorbis\lib\codec_internal.h">
      <Filter>Sources</Filter>
    </ClInclude>
    <ClInclude Include="..\libvorbis\lib\envelope.h">
      <Filter>Sources</Filter>
    </ClInclude>
    <ClInclude Include="..\libvorbis\lib\highlevel.h">
      <Filter>Sources</Filter>
    </ClInclude>
    <ClInclude Include="..\libvorbis\lib\lookup.h">
      <Filter>Sources</Filter>
    </ClInclude>
    <ClInclude Include="..\libvorbis\lib\lookup_data.h">
      <Filter>Sources</Filter>
    </ClInclude>
    <ClInclude Include="..\libvorbis\lib\lpc.h">
      <Filter>Sources</Filter>
    </ClInclude>
    <ClInclude Include="..\libvorbis\lib\lsp.h">
      <Filter>Sources</Filter>
    </ClInclude>
    <ClInclude Include="..\libvorbis\lib\masking.h">
      <Filter>Sources</Filter>
    </ClInclude>
    <ClInclude Include="..\libvorbis\lib\mdct.h">
      <Filter>Sources</Filter>
    </ClInclude>
    <ClInclude Include="..\libvorbis\lib\misc.h">
      <Filter>Sources</Filter>
    </ClInclude>
    <ClInclude Include="..\libvorbis\lib\os.h">
      <Filter>Sources</Filter>
    </ClInclude>
    <ClInclude Include="..\libvorbis\lib\psy.h">
      <Filter>Sources</Filter>
    </ClInclude>
    <ClInclude Include="..\libvorbis\lib\registry.h">
      <Filter>Sources</Filter>
    </ClInclude>
    <ClInclude Include="..\libvorbis\lib\scales.h">
      <Filter>Sources</Filter>
    </ClInclude>
    <ClInclude Include="..\libvorbis\lib\smallft.h">
      <Filter>Sources</Filter>
    </ClInclude>
    <ClInclude Include="..\libvorbis\lib\window.h">
      <Filter>Sources</Filter>
    </ClInclude>
    <ClInclude Include="..\libvorbis\lib\modes\psych_8.h">
      <Filter>Sources\modes</Filter>
    </ClInclude>
    <ClInclude Include="..\libvorbis\lib\modes\psych_11.h">
      <Filter>Sources\modes</Filter>
    </ClInclude>
    <ClInclude Include="..\libvorbis\lib\modes\psych_16.h">
      <Filter>Sources\modes</Filter>
    </ClInclude>
    <ClInclude Include="..\libvorbis\lib\modes\psych_44.h">
      <Filter>Sources\modes</Filter>
    </ClInclude>
    <ClInclude Include="..\libvorbis\lib\modes\residue_8.h">
      <Filter>Sources\modes</Filter>
    </ClInclude>
    <ClInclude Include="..\libvorbis\lib\modes\residue_16.h">
      <Filter>Sources\modes</Filter>
    </ClInclude>
    <ClInclude Include="..\libvorbis\lib\modes\residue_44.h">
      <Filter>Sources\modes</Filter>
    </ClInclude>
    <ClInclude Include="..\libvorbis\lib\modes\residue_44u.h">
      <Filter>Sources\modes</Filter>
    </ClInclude>
    <ClInclude Include="..\libvorbis\lib\modes\setup_8.h">
      <Filter>Sources\modes</Filter>
    </ClInclude>
    <ClInclude Include="..\libvorbis\lib\modes\setup_11.h">
      <Filter>Sources\modes</Filter>
    </ClInclude>
    <ClInclude Include="..\libvorbis\lib\modes\setup_16.h">
      <Filter>Sources\modes</Filter>
    </ClInclude>
    <ClInclude Include="..\libvorbis\lib\modes\setup_22.h">
      <Filter>Sources\modes</Filter>
    </ClInclude>
    <ClInclude Include="..\libvorbis\lib\modes\setup_32.h">
      <Filter>Sources\modes</Filter>
    </ClInclude>
    <ClInclude Include="..\libvorbis\lib\modes\setup_44.h">
      <Filter>Sources\modes</Filter>
    </ClInclude>
    <ClInclude Include="..\libvorbis\lib\modes\setup_44u.h">
      <Filter>Sources\modes</Filter>
    </ClInclude>
    <ClInclude Include="..\libvorbis\lib\modes\setup_X.h">
      <Filter>Sources\modes</Filter>
    </ClInclude>
    <ClInclude Include="..\libvorbis\lib\modes\floor_all.h">
      <Filter>Sources\modes</Filter>
    </ClInclude>
    <ClInclude Include="..\libvorbis\lib\books\uncoupled\res_books_uncoupled.h">
      <Filter>Sources\books\uncoupled</Filter>
    </ClInclude>
    <ClInclude Include="..\libvorbis\lib\books\floor\floor_books.h">
      <Filter>Sources\books\floor</Filter>
    </ClInclude>
    <ClInclude Include="..\libvorbis\lib\books\coupled\res_books_stereo.h">
      <Filter>Sources\books\coupled</Filter>
    </ClInclude>
  </ItemGroup>
</Project>